github.com/tobiashort/ansi-go v0.0.0-20250830021733-b15679ec4301 h1:gpBmdjkFXHmn4TpgErPpWjv1qY/21J3ohkcx704/X50=
github.com/tobiashort/ansi-go v0.0.0-20250830021733-b15679ec4301/go.mod h1:yPoTE564mrx3g7842t9vvduaGlzo38iKRjIqtGANbyU=
github.com/tobiashort/cfmt-go v0.0.0-20260219105602-04bd83f83e39 h1:fSf+5BlVsEKffE7Fudz8hLuPkGZq/3P9rPnGhqkP+OA=
github.com/tobiashort/cfmt-go v0.0.0-20260219105602-04bd83f83e39/go.mod h1:cCrrgWw5vNVXK8lR7nEeGzQa2FQMR3EltD/Xm/FE2Y8=
github.com/tobiashort/isatty-go v0.0.0-20250729193227-00bbda39413c h1:bHu0yDhCDLYWwUvEf+5KUOzb2VNX8F5E046AWbHkHeY=
github.com/tobiashort/isatty-go v0.0.0-20250729193227-00bbda39413c/go.mod h1:SR1HPbCAU42WyNiMZUkT4uaFR0BhWEUI++hmevlg46Y=
